
Microsoft Visual Studio Solution File, Format Version 12.00
# Visual Studio 15
VisualStudioVersion = 15.0.26124.0
MinimumVisualStudioVersion = 15.0.26124.0
Project("{FAE04EC0-301F-11D3-BF4B-00C04F79EFBC}") = "Driver", "Driver\Driver.csproj", "{0F0F2132-4597-479B-B3AD-F6A77DF692E4}"
EndProject
Project("{FAE04EC0-301F-11D3-BF4B-00C04F79EFBC}") = "ElasticLib", "ElasticLib\ElasticLib.csproj", "{BBD2114C-25DB-4A35-BD65-815A584BEC91}"
EndProject
Project("{FAE04EC0-301F-11D3-BF4B-00C04F79EFBC}") = "GraphLogicLib", "GraphLogicLib\GraphLogicLib.csproj", "{B9B29CE7-1372-4067-98F3-C28D8D835FE7}"
EndProject
Project("{FAE04EC0-301F-11D3-BF4B-00C04F79EFBC}") = "MyWebApi", "MyWebApi\MyWebApi.csproj", "{3D20C25C-0709-4844-B2E2-30E46D2BF239}"
EndProject
Project("{FAE04EC0-301F-11D3-BF4B-00C04F79EFBC}") = "SourceReaderLib", "SourceReaderLib\SourceReaderLib.csproj", "{E2F9E7EB-2971-4489-959F-121483329357}"
EndProject
Project("{FAE04EC0-301F-11D3-BF4B-00C04F79EFBC}") = "Test", "Test\Test.csproj", "{59843BD5-7F67-43E3-A7B9-8D83E7A1B58E}"
EndProject
Global
	GlobalSection(SolutionConfigurationPlatforms) = preSolution
		Debug|Any CPU = Debug|Any CPU
		Debug|x64 = Debug|x64
		Debug|x86 = Debug|x86
		Release|Any CPU = Release|Any CPU
		Release|x64 = Release|x64
		Release|x86 = Release|x86
	EndGlobalSection
	GlobalSection(SolutionProperties) = preSolution
		HideSolutionNode = FALSE
	EndGlobalSection
	GlobalSection(ProjectConfigurationPlatforms) = postSolution
		{0F0F2132-4597-479B-B3AD-F6A77DF692E4}.Debug|Any CPU.ActiveCfg = Debug|Any CPU
		{0F0F2132-4597-479B-B3AD-F6A77DF692E4}.Debug|Any CPU.Build.0 = Debug|Any CPU
		{0F0F2132-4597-479B-B3AD-F6A77DF692E4}.Debug|x64.ActiveCfg = Debug|Any CPU
		{0F0F2132-4597-479B-B3AD-F6A77DF692E4}.Debug|x64.Build.0 = Debug|Any CPU
		{0F0F2132-4597-479B-B3AD-F6A77DF692E4}.Debug|x86.ActiveCfg = Debug|Any CPU
		{0F0F2132-4597-479B-B3AD-F6A77DF692E4}.Debug|x86.Build.0 = Debug|Any CPU
		{0F0F2132-4597-479B-B3AD-F6A77DF692E4}.Release|Any CPU.ActiveCfg = Release|Any CPU
		{0F0F2132-4597-479B-B3AD-F6A77DF692E4}.Release|Any CPU.Build.0 = Release|Any CPU
		{0F0F2132-4597-479B-B3AD-F6A77DF692E4}.Release|x64.ActiveCfg = Release|Any CPU
		{0F0F2132-4597-479B-B3AD-F6A77DF692E4}.Release|x64.Build.0 = Release|Any CPU
		{0F0F2132-4597-479B-B3AD-F6A77DF692E4}.Release|x86.ActiveCfg = Release|Any CPU
		{0F0F2132-4597-479B-B3AD-F6A77DF692E4}.Release|x86.Build.0 = Release|Any CPU
		{BBD2114C-25DB-4A35-BD65-815A584BEC91}.Debug|Any CPU.ActiveCfg = Debug|Any CPU
		{BBD2114C-25DB-4A35-BD65-815A584BEC91}.Debug|Any CPU.Build.0 = Debug|Any CPU
		{BBD2114C-25DB-4A35-BD65-815A584BEC91}.Debug|x64.ActiveCfg = Debug|Any CPU
		{BBD2114C-25DB-4A35-BD65-815A584BEC91}.Debug|x64.Build.0 = Debug|Any CPU
		{BBD2114C-25DB-4A35-BD65-815A584BEC91}.Debug|x86.ActiveCfg = Debug|Any CPU
		{BBD2114C-25DB-4A35-BD65-815A584BEC91}.Debug|x86.Build.0 = Debug|Any CPU
		{BBD2114C-25DB-4A35-BD65-815A584BEC91}.Release|Any CPU.ActiveCfg = Release|Any CPU
		{BBD2114C-25DB-4A35-BD65-815A584BEC91}.Release|Any CPU.Build.0 = Release|Any CPU
		{BBD2114C-25DB-4A35-BD65-815A584BEC91}.Release|x64.ActiveCfg = Release|Any CPU
		{BBD2114C-25DB-4A35-BD65-815A584BEC91}.Release|x64.Build.0 = Release|Any CPU
		{BBD2114C-25DB-4A35-BD65-815A584BEC91}.Release|x86.ActiveCfg = Release|Any CPU
		{BBD2114C-25DB-4A35-BD65-815A584BEC91}.Release|x86.Build.0 = Release|Any CPU
		{B9B29CE7-1372-4067-98F3-C28D8D835FE7}.Debug|Any CPU.ActiveCfg = Debug|Any CPU
		{B9B29CE7-1372-4067-98F3-C28D8D835FE7}.Debug|Any CPU.Build.0 = Debug|Any CPU
		{B9B29CE7-1372-4067-98F3-C28D8D835FE7}.Debug|x64.ActiveCfg = Debug|Any CPU
		{B9B29CE7-1372-4067-98F3-C28D8D835FE7}.Debug|x64.Build.0 = Debug|Any CPU
		{B9B29CE7-1372-4067-98F3-C28D8D835FE7}.Debug|x86.ActiveCfg = Debug|Any CPU
		{B9B29CE7-1372-4067-98F3-C28D8D835FE7}.Debug|x86.Build.0 = Debug|Any CPU
		{B9B29CE7-1372-4067-98F3-C28D8D835FE7}.Release|Any CPU.ActiveCfg = Release|Any CPU
		{B9B29CE7-1372-4067-98F3-C28D8D835FE7}.Release|Any CPU.Build.0 = Release|Any CPU
		{B9B29CE7-1372-4067-98F3-C28D8D835FE7}.Release|x64.ActiveCfg = Release|Any CPU
		{B9B29CE7-1372-4067-98F3-C28D8D835FE7}.Release|x64.Build.0 = Release|Any CPU
		{B9B29CE7-1372-4067-98F3-C28D8D835FE7}.Release|x86.ActiveCfg = Release|Any CPU
		{B9B29CE7-1372-4067-98F3-C28D8D835FE7}.Release|x86.Build.0 = Release|Any CPU
		{3D20C25C-0709-4844-B2E2-30E46D2BF239}.Debug|Any CPU.ActiveCfg = Debug|Any CPU
		{3D20C25C-0709-4844-B2E2-30E46D2BF239}.Debug|Any CPU.Build.0 = Debug|Any CPU
		{3D20C25C-0709-4844-B2E2-30E46D2BF239}.Debug|x64.ActiveCfg = Debug|Any CPU
		{3D20C25C-0709-4844-B2E2-30E46D2BF239}.Debug|x64.Build.0 = Debug|Any CPU
		{3D20C25C-0709-4844-B2E2-30E46D2BF239}.Debug|x86.ActiveCfg = Debug|Any CPU
		{3D20C25C-0709-4844-B2E2-30E46D2BF239}.Debug|x86.Build.0 = Debug|Any CPU
		{3D20C25C-0709-4844-B2E2-30E46D2BF239}.Release|Any CPU.ActiveCfg = Release|Any CPU
		{3D20C25C-0709-4844-B2E2-30E46D2BF239}.Release|Any CPU.Build.0 = Release|Any CPU
		{3D20C25C-0709-4844-B2E2-30E46D2BF239}.Release|x64.ActiveCfg = Release|Any CPU
		{3D20C25C-0709-4844-B2E2-30E46D2BF239}.Release|x64.Build.0 = Release|Any CPU
		{3D20C25C-0709-4844-B2E2-30E46D2BF239}.Release|x86.ActiveCfg = Release|Any CPU
		{3D20C25C-0709-4844-B2E2-30E46D2BF239}.Release|x86.Build.0 = Release|Any CPU
		{E2F9E7EB-2971-4489-959F-121483329357}.Debug|Any CPU.ActiveCfg = Debug|Any CPU
		{E2F9E7EB-2971-4489-959F-121483329357}.Debug|Any CPU.Build.0 = Debug|Any CPU
		{E2F9E7EB-2971-4489-959F-121483329357}.Debug|x64.ActiveCfg = Debug|Any CPU
		{E2F9E7EB-2971-4489-959F-121483329357}.Debug|x64.Build.0 = Debug|Any CPU
		{E2F9E7EB-2971-4489-959F-121483329357}.Debug|x86.ActiveCfg = Debug|Any CPU
		{E2F9E7EB-2971-4489-959F-121483329357}.Debug|x86.Build.0 = Debug|Any CPU
		{E2F9E7EB-2971-4489-959F-121483329357}.Release|Any CPU.ActiveCfg = Release|Any CPU
		{E2F9E7EB-2971-4489-959F-121483329357}.Release|Any CPU.Build.0 = Release|Any CPU
		{E2F9E7EB-2971-4489-959F-121483329357}.Release|x64.ActiveCfg = Release|Any CPU
		{E2F9E7EB-2971-4489-959F-121483329357}.Release|x64.Build.0 = Release|Any CPU
		{E2F9E7EB-2971-4489-959F-121483329357}.Release|x86.ActiveCfg = Release|Any CPU
		{E2F9E7EB-2971-4489-959F-121483329357}.Release|x86.Build.0 = Release|Any CPU
		{59843BD5-7F67-43E3-A7B9-8D83E7A1B58E}.Debug|Any CPU.ActiveCfg = Debug|Any CPU
		{59843BD5-7F67-43E3-A7B9-8D83E7A1B58E}.Debug|Any CPU.Build.0 = Debug|Any CPU
		{59843BD5-7F67-43E3-A7B9-8D83E7A1B58E}.Debug|x64.ActiveCfg = Debug|Any CPU
		{59843BD5-7F67-43E3-A7B9-8D83E7A1B58E}.Debug|x64.Build.0 = Debug|Any CPU
		{59843BD5-7F67-43E3-A7B9-8D83E7A1B58E}.Debug|x86.ActiveCfg = Debug|Any CPU
		{59843BD5-7F67-43E3-A7B9-8D83E7A1B58E}.Debug|x86.Build.0 = Debug|Any CPU
		{59843BD5-7F67-43E3-A7B9-8D83E7A1B58E}.Release|Any CPU.ActiveCfg = Release|Any CPU
		{59843BD5-7F67-43E3-A7B9-8D83E7A1B58E}.Release|Any CPU.Build.0 = Release|Any CPU
		{59843BD5-7F67-43E3-A7B9-8D83E7A1B58E}.Release|x64.ActiveCfg = Release|Any CPU
		{59843BD5-7F67-43E3-A7B9-8D83E7A1B58E}.Release|x64.Build.0 = Release|Any CPU
		{59843BD5-7F67-43E3-A7B9-8D83E7A1B58E}.Release|x86.ActiveCfg = Release|Any CPU
		{59843BD5-7F67-43E3-A7B9-8D83E7A1B58E}.Release|x86.Build.0 = Release|Any CPU
	EndGlobalSection
EndGlobal
